
Microsoft Visual Studio Solution File, Format Version 12.00
# Visual Studio Version 17
VisualStudioVersion = 17.12.35527.113 d17.12
MinimumVisualStudioVersion = 10.0.40219.1
Project("{FAE04EC0-301F-11D3-BF4B-00C04F79EFBC}") = "BiologyLibrary", "BiologyLibrary\BiologyLibrary.csproj", "{6132077F-1CFC-4284-A0B7-EEBEC91D58FE}"
EndProject
Project("{FAE04EC0-301F-11D3-BF4B-00C04F79EFBC}") = "BiologyConsoleApp", "BiologyConsoleApp\BiologyConsoleApp.csproj", "{BE71DFDD-908A-4901-ADE2-323763BD5E2E}"
EndProject
Global
	GlobalSection(SolutionConfigurationPlatforms) = preSolution
		Debug|Any CPU = Debug|Any CPU
		Release|Any CPU = Release|Any CPU
	EndGlobalSection
	GlobalSection(ProjectConfigurationPlatforms) = postSolution
		{6132077F-1CFC-4284-A0B7-EEBEC91D58FE}.Debug|Any CPU.ActiveCfg = Debug|Any CPU
		{6132077F-1CFC-4284-A0B7-EEBEC91D58FE}.Debug|Any CPU.Build.0 = Debug|Any CPU
		{6132077F-1CFC-4284-A0B7-EEBEC91D58FE}.Release|Any CPU.ActiveCfg = Release|Any CPU
		{6132077F-1CFC-4284-A0B7-EEBEC91D58FE}.Release|Any CPU.Build.0 = Release|Any CPU
		{BE71DFDD-908A-4901-ADE2-323763BD5E2E}.Debug|Any CPU.ActiveCfg = Debug|Any CPU
		{BE71DFDD-908A-4901-ADE2-323763BD5E2E}.Debug|Any CPU.Build.0 = Debug|Any CPU
		{BE71DFDD-908A-4901-ADE2-323763BD5E2E}.Release|Any CPU.ActiveCfg = Release|Any CPU
		{BE71DFDD-908A-4901-ADE2-323763BD5E2E}.Release|Any CPU.Build.0 = Release|Any CPU
	EndGlobalSection
	GlobalSection(SolutionProperties) = preSolution
		HideSolutionNode = FALSE
	EndGlobalSection
EndGlobal
